
Microsoft Visual Studio Solution File, Format Version 12.00
# Visual Studio Version 17
VisualStudioVersion = 17.14.36518.9 d17.14
MinimumVisualStudioVersion = 10.0.40219.1
Project("{8BC9CEB8-8B4A-11D0-8D11-00A0C91BC942}") = "Select_Sort", "Select_Sort\Select_Sort.vcxproj", "{5BB9D0B4-2F6E-468F-860D-72161EC08723}"
EndProject
Project("{8BC9CEB8-8B4A-11D0-8D11-00A0C91BC942}") = "Test_Select_Sort", "Test_Select_Sort\Test_Select_Sort.vcxproj", "{D853139F-5EC1-4954-98D0-E19FB8C07508}"
EndProject
Global
	GlobalSection(SolutionConfigurationPlatforms) = preSolution
		Debug|x64 = Debug|x64
		Debug|x86 = Debug|x86
		Release|x64 = Release|x64
		Release|x86 = Release|x86
	EndGlobalSection
	GlobalSection(ProjectConfigurationPlatforms) = postSolution
		{5BB9D0B4-2F6E-468F-860D-72161EC08723}.Debug|x64.ActiveCfg = Debug|x64
		{5BB9D0B4-2F6E-468F-860D-72161EC08723}.Debug|x64.Build.0 = Debug|x64
		{5BB9D0B4-2F6E-468F-860D-72161EC08723}.Debug|x86.ActiveCfg = Debug|Win32
		{5BB9D0B4-2F6E-468F-860D-72161EC08723}.Debug|x86.Build.0 = Debug|Win32
		{5BB9D0B4-2F6E-468F-860D-72161EC08723}.Release|x64.ActiveCfg = Release|x64
		{5BB9D0B4-2F6E-468F-860D-72161EC08723}.Release|x64.Build.0 = Release|x64
		{5BB9D0B4-2F6E-468F-860D-72161EC08723}.Release|x86.ActiveCfg = Release|Win32
		{5BB9D0B4-2F6E-468F-860D-72161EC08723}.Release|x86.Build.0 = Release|Win32
		{D853139F-5EC1-4954-98D0-E19FB8C07508}.Debug|x64.ActiveCfg = Debug|x64
		{D853139F-5EC1-4954-98D0-E19FB8C07508}.Debug|x64.Build.0 = Debug|x64
		{D853139F-5EC1-4954-98D0-E19FB8C07508}.Debug|x86.ActiveCfg = Debug|Win32
		{D853139F-5EC1-4954-98D0-E19FB8C07508}.Debug|x86.Build.0 = Debug|Win32
		{D853139F-5EC1-4954-98D0-E19FB8C07508}.Release|x64.ActiveCfg = Release|x64
		{D853139F-5EC1-4954-98D0-E19FB8C07508}.Release|x64.Build.0 = Release|x64
		{D853139F-5EC1-4954-98D0-E19FB8C07508}.Release|x86.ActiveCfg = Release|Win32
		{D853139F-5EC1-4954-98D0-E19FB8C07508}.Release|x86.Build.0 = Release|Win32
	EndGlobalSection
	GlobalSection(SolutionProperties) = preSolution
		HideSolutionNode = FALSE
	EndGlobalSection
	GlobalSection(ExtensibilityGlobals) = postSolution
		SolutionGuid = {B7DC9C24-14D1-499B-84F1-E74D4BD7C6CE}
	EndGlobalSection
EndGlobal
