
Microsoft Visual Studio Solution File, Format Version 12.00
# Visual Studio Version 17
VisualStudioVersion = 17.14.36518.9 d17.14
MinimumVisualStudioVersion = 10.0.40219.1
Project("{8BC9CEB8-8B4A-11D0-8D11-00A0C91BC942}") = "Ordine_di_grandezza", "Ordine_di_grandezza\Ordine_di_grandezza.vcxproj", "{D82E1DD0-EAFB-4177-8B7F-819C07396683}"
EndProject
Project("{8BC9CEB8-8B4A-11D0-8D11-00A0C91BC942}") = "Ordine_di_grandezzaTest", "Ordine_di_grandezzaTest\Ordine_di_grandezzaTest.vcxproj", "{24FC6B81-2954-41AC-AB3B-F322CDA4E1D9}"
EndProject
Global
	GlobalSection(SolutionConfigurationPlatforms) = preSolution
		Debug|x64 = Debug|x64
		Debug|x86 = Debug|x86
		Release|x64 = Release|x64
		Release|x86 = Release|x86
	EndGlobalSection
	GlobalSection(ProjectConfigurationPlatforms) = postSolution
		{D82E1DD0-EAFB-4177-8B7F-819C07396683}.Debug|x64.ActiveCfg = Debug|x64
		{D82E1DD0-EAFB-4177-8B7F-819C07396683}.Debug|x64.Build.0 = Debug|x64
		{D82E1DD0-EAFB-4177-8B7F-819C07396683}.Debug|x86.ActiveCfg = Debug|Win32
		{D82E1DD0-EAFB-4177-8B7F-819C07396683}.Debug|x86.Build.0 = Debug|Win32
		{D82E1DD0-EAFB-4177-8B7F-819C07396683}.Release|x64.ActiveCfg = Release|x64
		{D82E1DD0-EAFB-4177-8B7F-819C07396683}.Release|x64.Build.0 = Release|x64
		{D82E1DD0-EAFB-4177-8B7F-819C07396683}.Release|x86.ActiveCfg = Release|Win32
		{D82E1DD0-EAFB-4177-8B7F-819C07396683}.Release|x86.Build.0 = Release|Win32
		{24FC6B81-2954-41AC-AB3B-F322CDA4E1D9}.Debug|x64.ActiveCfg = Debug|x64
		{24FC6B81-2954-41AC-AB3B-F322CDA4E1D9}.Debug|x64.Build.0 = Debug|x64
		{24FC6B81-2954-41AC-AB3B-F322CDA4E1D9}.Debug|x86.ActiveCfg = Debug|Win32
		{24FC6B81-2954-41AC-AB3B-F322CDA4E1D9}.Debug|x86.Build.0 = Debug|Win32
		{24FC6B81-2954-41AC-AB3B-F322CDA4E1D9}.Release|x64.ActiveCfg = Release|x64
		{24FC6B81-2954-41AC-AB3B-F322CDA4E1D9}.Release|x64.Build.0 = Release|x64
		{24FC6B81-2954-41AC-AB3B-F322CDA4E1D9}.Release|x86.ActiveCfg = Release|Win32
		{24FC6B81-2954-41AC-AB3B-F322CDA4E1D9}.Release|x86.Build.0 = Release|Win32
	EndGlobalSection
	GlobalSection(SolutionProperties) = preSolution
		HideSolutionNode = FALSE
	EndGlobalSection
	GlobalSection(ExtensibilityGlobals) = postSolution
		SolutionGuid = {960976D5-DA0A-47C6-A098-AE62B576D853}
	EndGlobalSection
EndGlobal
