
Microsoft Visual Studio Solution File, Format Version 12.00
# Visual Studio Version 17
VisualStudioVersion = 17.14.36616.10 d17.14
MinimumVisualStudioVersion = 10.0.40219.1
Project("{8BC9CEB8-8B4A-11D0-8D11-00A0C91BC942}") = "binario_BCD", "binario_BCD\binario_BCD.vcxproj", "{0632B3AE-3890-4EF9-AEE3-F357FEFB2551}"
EndProject
Project("{8BC9CEB8-8B4A-11D0-8D11-00A0C91BC942}") = "Test_BCD", "Test_BCD\Test_BCD.vcxproj", "{235CA641-9B9F-49DB-96DF-C1AF9DEAB269}"
EndProject
Global
	GlobalSection(SolutionConfigurationPlatforms) = preSolution
		Debug|x64 = Debug|x64
		Debug|x86 = Debug|x86
		Release|x64 = Release|x64
		Release|x86 = Release|x86
	EndGlobalSection
	GlobalSection(ProjectConfigurationPlatforms) = postSolution
		{0632B3AE-3890-4EF9-AEE3-F357FEFB2551}.Debug|x64.ActiveCfg = Debug|x64
		{0632B3AE-3890-4EF9-AEE3-F357FEFB2551}.Debug|x64.Build.0 = Debug|x64
		{0632B3AE-3890-4EF9-AEE3-F357FEFB2551}.Debug|x86.ActiveCfg = Debug|Win32
		{0632B3AE-3890-4EF9-AEE3-F357FEFB2551}.Debug|x86.Build.0 = Debug|Win32
		{0632B3AE-3890-4EF9-AEE3-F357FEFB2551}.Release|x64.ActiveCfg = Release|x64
		{0632B3AE-3890-4EF9-AEE3-F357FEFB2551}.Release|x64.Build.0 = Release|x64
		{0632B3AE-3890-4EF9-AEE3-F357FEFB2551}.Release|x86.ActiveCfg = Release|Win32
		{0632B3AE-3890-4EF9-AEE3-F357FEFB2551}.Release|x86.Build.0 = Release|Win32
		{235CA641-9B9F-49DB-96DF-C1AF9DEAB269}.Debug|x64.ActiveCfg = Debug|x64
		{235CA641-9B9F-49DB-96DF-C1AF9DEAB269}.Debug|x64.Build.0 = Debug|x64
		{235CA641-9B9F-49DB-96DF-C1AF9DEAB269}.Debug|x86.ActiveCfg = Debug|Win32
		{235CA641-9B9F-49DB-96DF-C1AF9DEAB269}.Debug|x86.Build.0 = Debug|Win32
		{235CA641-9B9F-49DB-96DF-C1AF9DEAB269}.Release|x64.ActiveCfg = Release|x64
		{235CA641-9B9F-49DB-96DF-C1AF9DEAB269}.Release|x64.Build.0 = Release|x64
		{235CA641-9B9F-49DB-96DF-C1AF9DEAB269}.Release|x86.ActiveCfg = Release|Win32
		{235CA641-9B9F-49DB-96DF-C1AF9DEAB269}.Release|x86.Build.0 = Release|Win32
	EndGlobalSection
	GlobalSection(SolutionProperties) = preSolution
		HideSolutionNode = FALSE
	EndGlobalSection
	GlobalSection(ExtensibilityGlobals) = postSolution
		SolutionGuid = {7DD90E8C-90F1-49C3-A562-05B36B81287C}
	EndGlobalSection
EndGlobal
